// !$*UTF8*$!
{
	archiveVersion = 1;
	classes = {
	};
	objectVersion = 55;
	objects = {

/* Begin PBXBuildFile section */
		E79659EC27E13E4400461580 /* AppDelegate.swift in Sources */ = {isa = PBXBuildFile; fileRef = E79659EB27E13E4400461580 /* AppDelegate.swift */; };
		E79659EE27E13E4400461580 /* SceneDelegate.swift in Sources */ = {isa = PBXBuildFile; fileRef = E79659ED27E13E4400461580 /* SceneDelegate.swift */; };
		E79659F027E13E4400461580 /* ViewController.swift in Sources */ = {isa = PBXBuildFile; fileRef = E79659EF27E13E4400461580 /* ViewController.swift */; };
		E79659F327E13E4400461580 /* Main.storyboard in Resources */ = {isa = PBXBuildFile; fileRef = E79659F127E13E4400461580 /* Main.storyboard */; };
		E79659F527E13E4600461580 /* Assets.xcassets in Resources */ = {isa = PBXBuildFile; fileRef = E79659F427E13E4600461580 /* Assets.xcassets */; };
		E79659F827E13E4600461580 /* LaunchScreen.storyboard in Resources */ = {isa = PBXBuildFile; fileRef = E79659F627E13E4600461580 /* LaunchScreen.storyboard */; };
		E7965A0327E13E4600461580 /* FlightInstructorLessonPlansTests.swift in Sources */ = {isa = PBXBuildFile; fileRef = E7965A0227E13E4600461580 /* FlightInstructorLessonPlansTests.swift */; };
/* End PBXBuildFile section */

/* Begin PBXContainerItemProxy section */
		E79659FF27E13E4600461580 /* PBXContainerItemProxy */ = {
			isa = PBXContainerItemProxy;
			containerPortal = E79659E027E13E4400461580 /* Project object */;
			proxyType = 1;
			remoteGlobalIDString = E79659E727E13E4400461580;
			remoteInfo = FlightInstructorLessonPlans;
		};
		E7965A0927E13E4600461580 /* PBXContainerItemProxy */ = {
			isa = PBXContainerItemProxy;
			containerPortal = E79659E027E13E4400461580 /* Project object */;
			proxyType = 1;
			remoteGlobalIDString = E79659E727E13E4400461580;
			remoteInfo = FlightInstructorLessonPlans;
		};
/* End PBXContainerItemProxy section */

/* Begin PBXFileReference section */
		E79659E827E13E4400461580 /* FlightInstructorLessonPlans.app */ = {isa = PBXFileReference; explicitFileType = wrapper.application; includeInIndex = 0; path = FlightInstructorLessonPlans.app; sourceTree = BUILT_PRODUCTS_DIR; };
		E79659EB27E13E4400461580 /* AppDelegate.swift */ = {isa = PBXFileReference; lastKnownFileType = sourcecode.swift; path = AppDelegate.swift; sourceTree = "<group>"; };
		E79659ED27E13E4400461580 /* SceneDelegate.swift */ = {isa = PBXFileReference; lastKnownFileType = sourcecode.swift; path = SceneDelegate.swift; sourceTree = "<group>"; };
		E79659EF27E13E4400461580 /* ViewController.swift */ = {isa = PBXFileReference; lastKnownFileType = sourcecode.swift; path = ViewController.swift; sourceTree = "<group>"; };
		E79659F227E13E4400461580 /* Base */ = {isa = PBXFileReference; lastKnownFileType = file.storyboard; name = Base; path = Base.lproj/Main.storyboard; sourceTree = "<group>"; };
		E79659F427E13E4600461580 /* Assets.xcassets */ = {isa = PBXFileReference; lastKnownFileType = folder.assetcatalog; path = Assets.xcassets; sourceTree = "<group>"; };
		E79659F727E13E4600461580 /* Base */ = {isa = PBXFileReference; lastKnownFileType = file.storyboard; name = Base; path = Base.lproj/LaunchScreen.storyboard; sourceTree = "<group>"; };
		E79659F927E13E4600461580 /* Info.plist */ = {isa = PBXFileReference; lastKnownFileType = text.plist.xml; path = Info.plist; sourceTree = "<group>"; };
		E79659FE27E13E4600461580 /* FlightInstructorLessonPlansTests.xctest */ = {isa = PBXFileReference; explicitFileType = wrapper.cfbundle; includeInIndex = 0; path = FlightInstructorLessonPlansTests.xctest; sourceTree = BUILT_PRODUCTS_DIR; };
		E7965A0227E13E4600461580 /* FlightInstructorLessonPlansTests.swift */ = {isa = PBXFileReference; lastKnownFileType = sourcecode.swift; path = FlightInstructorLessonPlansTests.swift; sourceTree = "<group>"; };
		E7965A0827E13E4600461580 /* FlightInstructorLessonPlansUITests.xctest */ = {isa = PBXFileReference; explicitFileType = wrapper.cfbundle; includeInIndex = 0; path = FlightInstructorLessonPlansUITests.xctest; sourceTree = BUILT_PRODUCTS_DIR; };
/* End PBXFileReference section */

/* Begin PBXFrameworksBuildPhase section */
		E79659E527E13E4400461580 /* Frameworks */ = {
			isa = PBXFrameworksBuildPhase;
			buildActionMask = 2147483647;
			files = (
			);
			runOnlyForDeploymentPostprocessing = 0;
		};
		E79659FB27E13E4600461580 /* Frameworks */ = {
			isa = PBXFrameworksBuildPhase;
			buildActionMask = 2147483647;
			files = (
			);
			runOnlyForDeploymentPostprocessing = 0;
		};
		E7965A0527E13E4600461580 /* Frameworks */ = {
			isa = PBXFrameworksBuildPhase;
			buildActionMask = 2147483647;
			files = (
			);
			runOnlyForDeploymentPostprocessing = 0;
		};
/* End PBXFrameworksBuildPhase section */

/* Begin PBXGroup section */
		E79659DF27E13E4400461580 = {
			isa = PBXGroup;
			children = (
				E79659EA27E13E4400461580 /* FlightInstructorLessonPlans */,
				E7965A0127E13E4600461580 /* FlightInstructorLessonPlansTests */,
				E79659E927E13E4400461580 /* Products */,
			);
			sourceTree = "<group>";
		};
		E79659E927E13E4400461580 /* Products */ = {
			isa = PBXGroup;
			children = (
				E79659E827E13E4400461580 /* FlightInstructorLessonPlans.app */,
				E79659FE27E13E4600461580 /* FlightInstructorLessonPlansTests.xctest */,
				E7965A0827E13E4600461580 /* FlightInstructorLessonPlansUITests.xctest */,
			);
			name = Products;
			sourceTree = "<group>";
		};
		E79659EA27E13E4400461580 /* FlightInstructorLessonPlans */ = {
			isa = PBXGroup;
			children = (
				E79659EB27E13E4400461580 /* AppDelegate.swift */,
				E79659ED27E13E4400461580 /* SceneDelegate.swift */,
				E79659EF27E13E4400461580 /* ViewController.swift */,
				E79659F127E13E4400461580 /* Main.storyboard */,
				E79659F427E13E4600461580 /* Assets.xcassets */,
				E79659F627E13E4600461580 /* LaunchScreen.storyboard */,
				E79659F927E13E4600461580 /* Info.plist */,
			);
			path = FlightInstructorLessonPlans;
			sourceTree = "<group>";
		};
		E7965A0127E13E4600461580 /* FlightInstructorLessonPlansTests */ = {
			isa = PBXGroup;
			children = (
				E7965A0227E13E4600461580 /* FlightInstructorLessonPlansTests.swift */,
			);
			path = FlightInstructorLessonPlansTests;
			sourceTree = "<group>";
		};
/* End PBXGroup section */

/* Begin PBXNativeTarget section */
		E79659E727E13E4400461580 /* FlightInstructorLessonPlans */ = {
			isa = PBXNativeTarget;
			buildConfigurationList = E7965A1227E13E4600461580 /* Build configuration list for PBXNativeTarget "FlightInstructorLessonPlans" */;
			buildPhases = (
				E79659E427E13E4400461580 /* Sources */,
				E79659E527E13E4400461580 /* Frameworks */,
				E79659E627E13E4400461580 /* Resources */,
			);
			buildRules = (
			);
			dependencies = (
			);
			name = FlightInstructorLessonPlans;
			productName = FlightInstructorLessonPlans;
			productReference = E79659E827E13E4400461580 /* FlightInstructorLessonPlans.app */;
			productType = "com.apple.product-type.application";
		};
		E79659FD27E13E4600461580 /* FlightInstructorLessonPlansTests */ = {
			isa = PBXNativeTarget;
			buildConfigurationList = E7965A1527E13E4600461580 /* Build configuration list for PBXNativeTarget "FlightInstructorLessonPlansTests" */;
			buildPhases = (
				E79659FA27E13E4600461580 /* Sources */,
				E79659FB27E13E4600461580 /* Frameworks */,
				E79659FC27E13E4600461580 /* Resources */,
			);
			buildRules = (
			);
			dependencies = (
				E7965A0027E13E4600461580 /* PBXTargetDependency */,
			);
			name = FlightInstructorLessonPlansTests;
			productName = FlightInstructorLessonPlansTests;
			productReference = E79659FE27E13E4600461580 /* FlightInstructorLessonPlansTests.xctest */;
			productType = "com.apple.product-type.bundle.unit-test";
		};
		E7965A0727E13E4600461580 /* FlightInstructorLessonPlansUITests */ = {
			isa = PBXNativeTarget;
			buildConfigurationList = E7965A1827E13E4600461580 /* Build configuration list for PBXNativeTarget "FlightInstructorLessonPlansUITests" */;
			buildPhases = (
				E7965A0427E13E4600461580 /* Sources */,
				E7965A0527E13E4600461580 /* Frameworks */,
				E7965A0627E13E4600461580 /* Resources */,
			);
			buildRules = (
			);
			dependencies = (
				E7965A0A27E13E4600461580 /* PBXTargetDependency */,
			);
			name = FlightInstructorLessonPlansUITests;
			productName = FlightInstructorLessonPlansUITests;
			productReference = E7965A0827E13E4600461580 /* FlightInstructorLessonPlansUITests.xctest */;
			productType = "com.apple.product-type.bundle.ui-testing";
		};
/* End PBXNativeTarget section */

/* Begin PBXProject section */
		E79659E027E13E4400461580 /* Project object */ = {
			isa = PBXProject;
			attributes = {
				BuildIndependentTargetsInParallel = 1;
				LastSwiftUpdateCheck = 1320;
				LastUpgradeCheck = 1320;
				TargetAttributes = {
					E79659E727E13E4400461580 = {
						CreatedOnToolsVersion = 13.2.1;
					};
					E79659FD27E13E4600461580 = {
						CreatedOnToolsVersion = 13.2.1;
						TestTargetID = E79659E727E13E4400461580;
					};
					E7965A0727E13E4600461580 = {
						CreatedOnToolsVersion = 13.2.1;
						TestTargetID = E79659E727E13E4400461580;
					};
				};
			};
			buildConfigurationList = E79659E327E13E4400461580 /* Build configuration list for PBXProject "FlightInstructorLessonPlans" */;
			compatibilityVersion = "Xcode 13.0";
			developmentRegion = en;
			hasScannedForEncodings = 0;
			knownRegions = (
				en,
				Base,
			);
			mainGroup = E79659DF27E13E4400461580;
			productRefGroup = E79659E927E13E4400461580 /* Products */;
			projectDirPath = "";
			projectRoot = "";
			targets = (
				E79659E727E13E4400461580 /* FlightInstructorLessonPlans */,
				E79659FD27E13E4600461580 /* FlightInstructorLessonPlansTests */,
				E7965A0727E13E4600461580 /* FlightInstructorLessonPlansUITests */,
			);
		};
/* End PBXProject section */

/* Begin PBXResourcesBuildPhase section */
		E79659E627E13E4400461580 /* Resources */ = {
			isa = PBXResourcesBuildPhase;
			buildActionMask = 2147483647;
			files = (
				E79659F827E13E4600461580 /* LaunchScreen.storyboard in Resources */,
				E79659F527E13E4600461580 /* Assets.xcassets in Resources */,
				E79659F327E13E4400461580 /* Main.storyboard in Resources */,
			);
			runOnlyForDeploymentPostprocessing = 0;
		};
		E79659FC27E13E4600461580 /* Resources */ = {
			isa = PBXResourcesBuildPhase;
			buildActionMask = 2147483647;
			files = (
			);
			runOnlyForDeploymentPostprocessing = 0;
		};
		E7965A0627E13E4600461580 /* Resources */ = {
			isa = PBXResourcesBuildPhase;
			buildActionMask = 2147483647;
			files = (
			);
			runOnlyForDeploymentPostprocessing = 0;
		};
/* End PBXResourcesBuildPhase section */

/* Begin PBXSourcesBuildPhase section */
		E79659E427E13E4400461580 /* Sources */ = {
			isa = PBXSourcesBuildPhase;
			buildActionMask = 2147483647;
			files = (
				E79659F027E13E4400461580 /* ViewController.swift in Sources */,
				E79659EC27E13E4400461580 /* AppDelegate.swift in Sources */,
				E79659EE27E13E4400461580 /* SceneDelegate.swift in Sources */,
			);
			runOnlyForDeploymentPostprocessing = 0;
		};
		E79659FA27E13E4600461580 /* Sources */ = {
			isa = PBXSourcesBuildPhase;
			buildActionMask = 2147483647;
			files = (
				E7965A0327E13E4600461580 /* FlightInstructorLessonPlansTests.swift in Sources */,
			);
			runOnlyForDeploymentPostprocessing = 0;
		};
		E7965A0427E13E4600461580 /* Sources */ = {
			isa = PBXSourcesBuildPhase;
			buildActionMask = 2147483647;
			files = (
			);
			runOnlyForDeploymentPostprocessing = 0;
		};
/* End PBXSourcesBuildPhase section */

/* Begin PBXTargetDependency section */
		E7965A0027E13E4600461580 /* PBXTargetDependency */ = {
			isa = PBXTargetDependency;
			target = E79659E727E13E4400461580 /* FlightInstructorLessonPlans */;
			targetProxy = E79659FF27E13E4600461580 /* PBXContainerItemProxy */;
		};
		E7965A0A27E13E4600461580 /* PBXTargetDependency */ = {
			isa = PBXTargetDependency;
			target = E79659E727E13E4400461580 /* FlightInstructorLessonPlans */;
			targetProxy = E7965A0927E13E4600461580 /* PBXContainerItemProxy */;
		};
/* End PBXTargetDependency section */

/* Begin PBXVariantGroup section */
		E79659F127E13E4400461580 /* Main.storyboard */ = {
			isa = PBXVariantGroup;
			children = (
				E79659F227E13E4400461580 /* Base */,
			);
			name = Main.storyboard;
			sourceTree = "<group>";
		};
		E79659F627E13E4600461580 /* LaunchScreen.storyboard */ = {
			isa = PBXVariantGroup;
			children = (
				E79659F727E13E4600461580 /* Base */,
			);
			name = LaunchScreen.storyboard;
			sourceTree = "<group>";
		};
/* End PBXVariantGroup section */

/* Begin XCBuildConfiguration section */
		E7965A1027E13E4600461580 /* Debug */ = {
			isa = XCBuildConfiguration;
			buildSettings = {
				ALWAYS_SEARCH_USER_PATHS = NO;
				CLANG_ANALYZER_NONNULL = YES;
				CLANG_ANALYZER_NUMBER_OBJECT_CONVERSION = YES_AGGRESSIVE;
				CLANG_CXX_LANGUAGE_STANDARD = "gnu++17";
				CLANG_CXX_LIBRARY = "libc++";
				CLANG_ENABLE_MODULES = YES;
				CLANG_ENABLE_OBJC_ARC = YES;
				CLANG_ENABLE_OBJC_WEAK = YES;
				CLANG_WARN_BLOCK_CAPTURE_AUTORELEASING = YES;
				CLANG_WARN_BOOL_CONVERSION = YES;
				CLANG_WARN_COMMA = YES;
				CLANG_WARN_CONSTANT_CONVERSION = YES;
				CLANG_WARN_DEPRECATED_OBJC_IMPLEMENTATIONS = YES;
				CLANG_WARN_DIRECT_OBJC_ISA_USAGE = YES_ERROR;
				CLANG_WARN_DOCUMENTATION_COMMENTS = YES;
				CLANG_WARN_EMPTY_BODY = YES;
				CLANG_WARN_ENUM_CONVERSION = YES;
				CLANG_WARN_INFINITE_RECURSION = YES;
				CLANG_WARN_INT_CONVERSION = YES;
				CLANG_WARN_NON_LITERAL_NULL_CONVERSION = YES;
				CLANG_WARN_OBJC_IMPLICIT_RETAIN_SELF = YES;
				CLANG_WARN_OBJC_LITERAL_CONVERSION = YES;
				CLANG_WARN_OBJC_ROOT_CLASS = YES_ERROR;
				CLANG_WARN_QUOTED_INCLUDE_IN_FRAMEWORK_HEADER = YES;
				CLANG_WARN_RANGE_LOOP_ANALYSIS = YES;
				CLANG_WARN_STRICT_PROTOTYPES = YES;
				CLANG_WARN_SUSPICIOUS_MOVE = YES;
				CLANG_WARN_UNGUARDED_AVAILABILITY = YES_AGGRESSIVE;
				CLANG_WARN_UNREACHABLE_CODE = YES;
				CLANG_WARN__DUPLICATE_METHOD_MATCH = YES;
				COPY_PHASE_STRIP = NO;
				DEBUG_INFORMATION_FORMAT = dwarf;
				ENABLE_STRICT_OBJC_MSGSEND = YES;
				ENABLE_TESTABILITY = YES;
				GCC_C_LANGUAGE_STANDARD = gnu11;
				GCC_DYNAMIC_NO_PIC = NO;
				GCC_NO_COMMON_BLOCKS = YES;
				GCC_OPTIMIZATION_LEVEL = 0;
				GCC_PREPROCESSOR_DEFINITIONS = (
					"DEBUG=1",
					"$(inherited)",
				);
				GCC_WARN_64_TO_32_BIT_CONVERSION = YES;
				GCC_WARN_ABOUT_RETURN_TYPE = YES_ERROR;
				GCC_WARN_UNDECLARED_SELECTOR = YES;
				GCC_WARN_UNINITIALIZED_AUTOS = YES_AGGRESSIVE;
				GCC_WARN_UNUSED_FUNCTION = YES;
				GCC_WARN_UNUSED_VARIABLE = YES;
				IPHONEOS_DEPLOYMENT_TARGET = 15.2;
				MTL_ENABLE_DEBUG_INFO = INCLUDE_SOURCE;
				MTL_FAST_MATH = YES;
				ONLY_ACTIVE_ARCH = YES;
				SDKROOT = iphoneos;
				SWIFT_ACTIVE_COMPILATION_CONDITIONS = DEBUG;
				SWIFT_OPTIMIZATION_LEVEL = "-Onone";
			};
			name = Debug;
		};
		E7965A1127E13E4600461580 /* Release */ = {
			isa = XCBuildConfiguration;
			buildSettings = {
				ALWAYS_SEARCH_USER_PATHS = NO;
				CLANG_ANALYZER_NONNULL = YES;
				CLANG_ANALYZER_NUMBER_OBJECT_CONVERSION = YES_AGGRESSIVE;
				CLANG_CXX_LANGUAGE_STANDARD = "gnu++17";
				CLANG_CXX_LIBRARY = "libc++";
				CLANG_ENABLE_MODULES = YES;
				CLANG_ENABLE_OBJC_ARC = YES;
				CLANG_ENABLE_OBJC_WEAK = YES;
				CLANG_WARN_BLOCK_CAPTURE_AUTORELEASING = YES;
				CLANG_WARN_BOOL_CONVERSION = YES;
				CLANG_WARN_COMMA = YES;
				CLANG_WARN_CONSTANT_CONVERSION = YES;
				CLANG_WARN_DEPRECATED_OBJC_IMPLEMENTATIONS = YES;
				CLANG_WARN_DIRECT_OBJC_ISA_USAGE = YES_ERROR;
				CLANG_WARN_DOCUMENTATION_COMMENTS = YES;
				CLANG_WARN_EMPTY_BODY = YES;
				CLANG_WARN_ENUM_CONVERSION = YES;
				CLANG_WARN_INFINITE_RECURSION = YES;
				CLANG_WARN_INT_CONVERSION = YES;
				CLANG_WARN_NON_LITERAL_NULL_CONVERSION = YES;
				CLANG_WARN_OBJC_IMPLICIT_RETAIN_SELF = YES;
				CLANG_WARN_OBJC_LITERAL_CONVERSION = YES;
				CLANG_WARN_OBJC_ROOT_CLASS = YES_ERROR;
				CLANG_WARN_QUOTED_INCLUDE_IN_FRAMEWORK_HEADER = YES;
				CLANG_WARN_RANGE_LOOP_ANALYSIS = YES;
				CLANG_WARN_STRICT_PROTOTYPES = YES;
				CLANG_WARN_SUSPICIOUS_MOVE = YES;
				CLANG_WARN_UNGUARDED_AVAILABILITY = YES_AGGRESSIVE;
				CLANG_WARN_UNREACHABLE_CODE = YES;
				CLANG_WARN__DUPLICATE_METHOD_MATCH = YES;
				COPY_PHASE_STRIP = NO;
				DEBUG_INFORMATION_FORMAT = "dwarf-with-dsym";
				ENABLE_NS_ASSERTIONS = NO;
				ENABLE_STRICT_OBJC_MSGSEND = YES;
				GCC_C_LANGUAGE_STANDARD = gnu11;
				GCC_NO_COMMON_BLOCKS = YES;
				GCC_WARN_64_TO_32_BIT_CONVERSION = YES;
				GCC_WARN_ABOUT_RETURN_TYPE = YES_ERROR;
				GCC_WARN_UNDECLARED_SELECTOR = YES;
				GCC_WARN_UNINITIALIZED_AUTOS = YES_AGGRESSIVE;
				GCC_WARN_UNUSED_FUNCTION = YES;
				GCC_WARN_UNUSED_VARIABLE = YES;
				IPHONEOS_DEPLOYMENT_TARGET = 15.2;
				MTL_ENABLE_DEBUG_INFO = NO;
				MTL_FAST_MATH = YES;
				SDKROOT = iphoneos;
				SWIFT_COMPILATION_MODE = wholemodule;
				SWIFT_OPTIMIZATION_LEVEL = "-O";
				VALIDATE_PRODUCT = YES;
			};
			name = Release;
		};
		E7965A1327E13E4600461580 /* Debug */ = {
			isa = XCBuildConfiguration;
			buildSettings = {
				ASSETCATALOG_COMPILER_APPICON_NAME = AppIcon;
				ASSETCATALOG_COMPILER_GLOBAL_ACCENT_COLOR_NAME = AccentColor;
				CODE_SIGN_STYLE = Automatic;
				CURRENT_PROJECT_VERSION = 1;
				DEVELOPMENT_TEAM = MMSJ2DXRDG;
				GENERATE_INFOPLIST_FILE = YES;
				INFOPLIST_FILE = FlightInstructorLessonPlans/Info.plist;
				INFOPLIST_KEY_UIApplicationSupportsIndirectInputEvents = YES;
				INFOPLIST_KEY_UILaunchStoryboardName = LaunchScreen;
				INFOPLIST_KEY_UIMainStoryboardFile = Main;
				INFOPLIST_KEY_UISupportedInterfaceOrientations_iPad = "UIInterfaceOrientationPortrait UIInterfaceOrientationPortraitUpsideDown UIInterfaceOrientationLandscapeLeft UIInterfaceOrientationLandscapeRight";
				INFOPLIST_KEY_UISupportedInterfaceOrientations_iPhone = "UIInterfaceOrientationPortrait UIInterfaceOrientationLandscapeLeft UIInterfaceOrientationLandscapeRight";
				LD_RUNPATH_SEARCH_PATHS = (
					"$(inherited)",
					"@executable_path/Frameworks",
				);
				MARKETING_VERSION = 1.0;
				PRODUCT_BUNDLE_IDENTIFIER = com.coderpilot.FlightInstructorLessonPlans;
				PRODUCT_NAME = "$(TARGET_NAME)";
				SWIFT_EMIT_LOC_STRINGS = YES;
				SWIFT_VERSION = 5.0;
				TARGETED_DEVICE_FAMILY = "1,2";
			};
			name = Debug;
		};
		E7965A1427E13E4600461580 /* Release */ = {
			isa = XCBuildConfiguration;
			buildSettings = {
				ASSETCATALOG_COMPILER_APPICON_NAME = AppIcon;
				ASSETCATALOG_COMPILER_GLOBAL_ACCENT_COLOR_NAME = AccentColor;
				CODE_SIGN_STYLE = Automatic;
				CURRENT_PROJECT_VERSION = 1;
				DEVELOPMENT_TEAM = MMSJ2DXRDG;
				GENERATE_INFOPLIST_FILE = YES;
				INFOPLIST_FILE = FlightInstructorLessonPlans/Info.plist;
				INFOPLIST_KEY_UIApplicationSupportsIndirectInputEvents = YES;
				INFOPLIST_KEY_UILaunchStoryboardName = LaunchScreen;
				INFOPLIST_KEY_UIMainStoryboardFile = Main;
				INFOPLIST_KEY_UISupportedInterfaceOrientations_iPad = "UIInterfaceOrientationPortrait UIInterfaceOrientationPortraitUpsideDown UIInterfaceOrientationLandscapeLeft UIInterfaceOrientationLandscapeRight";
				INFOPLIST_KEY_UISupportedInterfaceOrientations_iPhone = "UIInterfaceOrientationPortrait UIInterfaceOrientationLandscapeLeft UIInterfaceOrientationLandscapeRight";
				LD_RUNPATH_SEARCH_PATHS = (
					"$(inherited)",
					"@executable_path/Frameworks",
				);
				MARKETING_VERSION = 1.0;
				PRODUCT_BUNDLE_IDENTIFIER = com.coderpilot.FlightInstructorLessonPlans;
				PRODUCT_NAME = "$(TARGET_NAME)";
				SWIFT_EMIT_LOC_STRINGS = YES;
				SWIFT_VERSION = 5.0;
				TARGETED_DEVICE_FAMILY = "1,2";
			};
			name = Release;
		};
		E7965A1627E13E4600461580 /* Debug */ = {
			isa = XCBuildConfiguration;
			buildSettings = {
				ALWAYS_EMBED_SWIFT_STANDARD_LIBRARIES = YES;
				BUNDLE_LOADER = "$(TEST_HOST)";
				CODE_SIGN_STYLE = Automatic;
				CURRENT_PROJECT_VERSION = 1;
				DEVELOPMENT_TEAM = MMSJ2DXRDG;
				GENERATE_INFOPLIST_FILE = YES;
				IPHONEOS_DEPLOYMENT_TARGET = 15.2;
				MARKETING_VERSION = 1.0;
				PRODUCT_BUNDLE_IDENTIFIER = com.coderpilot.FlightInstructorLessonPlansTests;
				PRODUCT_NAME = "$(TARGET_NAME)";
				SWIFT_EMIT_LOC_STRINGS = NO;
				SWIFT_VERSION = 5.0;
				TARGETED_DEVICE_FAMILY = "1,2";
				TEST_HOST = "$(BUILT_PRODUCTS_DIR)/FlightInstructorLessonPlans.app/FlightInstructorLessonPlans";
			};
			name = Debug;
		};
		E7965A1727E13E4600461580 /* Release */ = {
			isa = XCBuildConfiguration;
			buildSettings = {
				ALWAYS_EMBED_SWIFT_STANDARD_LIBRARIES = YES;
				BUNDLE_LOADER = "$(TEST_HOST)";
				CODE_SIGN_STYLE = Automatic;
				CURRENT_PROJECT_VERSION = 1;
				DEVELOPMENT_TEAM = MMSJ2DXRDG;
				GENERATE_INFOPLIST_FILE = YES;
				IPHONEOS_DEPLOYMENT_TARGET = 15.2;
				MARKETING_VERSION = 1.0;
				PRODUCT_BUNDLE_IDENTIFIER = com.coderpilot.FlightInstructorLessonPlansTests;
				PRODUCT_NAME = "$(TARGET_NAME)";
				SWIFT_EMIT_LOC_STRINGS = NO;
				SWIFT_VERSION = 5.0;
				TARGETED_DEVICE_FAMILY = "1,2";
				TEST_HOST = "$(BUILT_PRODUCTS_DIR)/FlightInstructorLessonPlans.app/FlightInstructorLessonPlans";
			};
			name = Release;
		};
		E7965A1927E13E4600461580 /* Debug */ = {
			isa = XCBuildConfiguration;
			buildSettings = {
				ALWAYS_EMBED_SWIFT_STANDARD_LIBRARIES = YES;
				CODE_SIGN_STYLE = Automatic;
				CURRENT_PROJECT_VERSION = 1;
				DEVELOPMENT_TEAM = MMSJ2DXRDG;
				GENERATE_INFOPLIST_FILE = YES;
				MARKETING_VERSION = 1.0;
				PRODUCT_BUNDLE_IDENTIFIER = com.coderpilot.FlightInstructorLessonPlansUITests;
				PRODUCT_NAME = "$(TARGET_NAME)";
				SWIFT_EMIT_LOC_STRINGS = NO;
				SWIFT_VERSION = 5.0;
				TARGETED_DEVICE_FAMILY = "1,2";
				TEST_TARGET_NAME = FlightInstructorLessonPlans;
			};
			name = Debug;
		};
		E7965A1A27E13E4600461580 /* Release */ = {
			isa = XCBuildConfiguration;
			buildSettings = {
				ALWAYS_EMBED_SWIFT_STANDARD_LIBRARIES = YES;
				CODE_SIGN_STYLE = Automatic;
				CURRENT_PROJECT_VERSION = 1;
				DEVELOPMENT_TEAM = MMSJ2DXRDG;
				GENERATE_INFOPLIST_FILE = YES;
				MARKETING_VERSION = 1.0;
				PRODUCT_BUNDLE_IDENTIFIER = com.coderpilot.FlightInstructorLessonPlansUITests;
				PRODUCT_NAME = "$(TARGET_NAME)";
				SWIFT_EMIT_LOC_STRINGS = NO;
				SWIFT_VERSION = 5.0;
				TARGETED_DEVICE_FAMILY = "1,2";
				TEST_TARGET_NAME = FlightInstructorLessonPlans;
			};
			name = Release;
		};
/* End XCBuildConfiguration section */

/* Begin XCConfigurationList section */
		E79659E327E13E4400461580 /* Build configuration list for PBXProject "FlightInstructorLessonPlans" */ = {
			isa = XCConfigurationList;
			buildConfigurations = (
				E7965A1027E13E4600461580 /* Debug */,
				E7965A1127E13E4600461580 /* Release */,
			);
			defaultConfigurationIsVisible = 0;
			defaultConfigurationName = Release;
		};
		E7965A1227E13E4600461580 /* Build configuration list for PBXNativeTarget "FlightInstructorLessonPlans" */ = {
			isa = XCConfigurationList;
			buildConfigurations = (
				E7965A1327E13E4600461580 /* Debug */,
				E7965A1427E13E4600461580 /* Release */,
			);
			defaultConfigurationIsVisible = 0;
			defaultConfigurationName = Release;
		};
		E7965A1527E13E4600461580 /* Build configuration list for PBXNativeTarget "FlightInstructorLessonPlansTests" */ = {
			isa = XCConfigurationList;
			buildConfigurations = (
				E7965A1627E13E4600461580 /* Debug */,
				E7965A1727E13E4600461580 /* Release */,
			);
			defaultConfigurationIsVisible = 0;
			defaultConfigurationName = Release;
		};
		E7965A1827E13E4600461580 /* Build configuration list for PBXNativeTarget "FlightInstructorLessonPlansUITests" */ = {
			isa = XCConfigurationList;
			buildConfigurations = (
				E7965A1927E13E4600461580 /* Debug */,
				E7965A1A27E13E4600461580 /* Release */,
			);
			defaultConfigurationIsVisible = 0;
			defaultConfigurationName = Release;
		};
/* End XCConfigurationList section */
	};
	rootObject = E79659E027E13E4400461580 /* Project object */;
}
